
Microsoft Visual Studio Solution File, Format Version 12.00
# Visual Studio Version 16
VisualStudioVersion = 16.0.30804.86
MinimumVisualStudioVersion = 10.0.40219.1
Project("{FAE04EC0-301F-11D3-BF4B-00C04F79EFBC}") = "Fluent Builder", "Fluent Builder.csproj", "{1037767C-8BDB-41C4-8F57-4A236CB14CE5}"
EndProject
Global
	GlobalSection(SolutionConfigurationPlatforms) = preSolution
		Debug|Any CPU = Debug|Any CPU
		Release|Any CPU = Release|Any CPU
	EndGlobalSection
	GlobalSection(ProjectConfigurationPlatforms) = postSolution
		{1037767C-8BDB-41C4-8F57-4A236CB14CE5}.Debug|Any CPU.ActiveCfg = Debug|Any CPU
		{1037767C-8BDB-41C4-8F57-4A236CB14CE5}.Debug|Any CPU.Build.0 = Debug|Any CPU
		{1037767C-8BDB-41C4-8F57-4A236CB14CE5}.Release|Any CPU.ActiveCfg = Release|Any CPU
		{1037767C-8BDB-41C4-8F57-4A236CB14CE5}.Release|Any CPU.Build.0 = Release|Any CPU
	EndGlobalSection
	GlobalSection(SolutionProperties) = preSolution
		HideSolutionNode = FALSE
	EndGlobalSection
	GlobalSection(ExtensibilityGlobals) = postSolution
		SolutionGuid = {3EDCA882-1ECA-40FB-A66B-41865E32F136}
	EndGlobalSection
EndGlobal
